
Microsoft Visual Studio Solution File, Format Version 12.00
# Visual Studio Version 16
VisualStudioVersion = 16.0.30611.23
MinimumVisualStudioVersion = 10.0.40219.1
Project("{FAE04EC0-301F-11D3-BF4B-00C04F79EFBC}") = "UwpApp", "UwpApp\UwpApp.csproj", "{15B4AC4B-D515-4CAD-A93B-C377D540D537}"
EndProject
Project("{FAE04EC0-301F-11D3-BF4B-00C04F79EFBC}") = "DataAccessLibrary", "DataAccessLibrary\DataAccessLibrary.csproj", "{B2BE11D9-B0B2-4007-8633-ECC84EF1CE13}"
EndProject
Project("{FAE04EC0-301F-11D3-BF4B-00C04F79EFBC}") = "DataBindingApp", "DataBindingApp\DataBindingApp.csproj", "{BC36A9EF-9FD2-4D70-B260-51E6B3DB2905}"
EndProject
Global
	GlobalSection(SolutionConfigurationPlatforms) = preSolution
		Debug|Any CPU = Debug|Any CPU
		Debug|ARM = Debug|ARM
		Debug|ARM64 = Debug|ARM64
		Debug|x64 = Debug|x64
		Debug|x86 = Debug|x86
		Release|Any CPU = Release|Any CPU
		Release|ARM = Release|ARM
		Release|ARM64 = Release|ARM64
		Release|x64 = Release|x64
		Release|x86 = Release|x86
	EndGlobalSection
	GlobalSection(ProjectConfigurationPlatforms) = postSolution
		{15B4AC4B-D515-4CAD-A93B-C377D540D537}.Debug|Any CPU.ActiveCfg = Debug|x86
		{15B4AC4B-D515-4CAD-A93B-C377D540D537}.Debug|ARM.ActiveCfg = Debug|ARM
		{15B4AC4B-D515-4CAD-A93B-C377D540D537}.Debug|ARM.Build.0 = Debug|ARM
		{15B4AC4B-D515-4CAD-A93B-C377D540D537}.Debug|ARM.Deploy.0 = Debug|ARM
		{15B4AC4B-D515-4CAD-A93B-C377D540D537}.Debug|ARM64.ActiveCfg = Debug|ARM64
		{15B4AC4B-D515-4CAD-A93B-C377D540D537}.Debug|ARM64.Build.0 = Debug|ARM64
		{15B4AC4B-D515-4CAD-A93B-C377D540D537}.Debug|ARM64.Deploy.0 = Debug|ARM64
		{15B4AC4B-D515-4CAD-A93B-C377D540D537}.Debug|x64.ActiveCfg = Debug|x64
		{15B4AC4B-D515-4CAD-A93B-C377D540D537}.Debug|x64.Build.0 = Debug|x64
		{15B4AC4B-D515-4CAD-A93B-C377D540D537}.Debug|x64.Deploy.0 = Debug|x64
		{15B4AC4B-D515-4CAD-A93B-C377D540D537}.Debug|x86.ActiveCfg = Debug|x86
		{15B4AC4B-D515-4CAD-A93B-C377D540D537}.Debug|x86.Build.0 = Debug|x86
		{15B4AC4B-D515-4CAD-A93B-C377D540D537}.Debug|x86.Deploy.0 = Debug|x86
		{15B4AC4B-D515-4CAD-A93B-C377D540D537}.Release|Any CPU.ActiveCfg = Release|x86
		{15B4AC4B-D515-4CAD-A93B-C377D540D537}.Release|ARM.ActiveCfg = Release|ARM
		{15B4AC4B-D515-4CAD-A93B-C377D540D537}.Release|ARM.Build.0 = Release|ARM
		{15B4AC4B-D515-4CAD-A93B-C377D540D537}.Release|ARM.Deploy.0 = Release|ARM
		{15B4AC4B-D515-4CAD-A93B-C377D540D537}.Release|ARM64.ActiveCfg = Release|ARM64
		{15B4AC4B-D515-4CAD-A93B-C377D540D537}.Release|ARM64.Build.0 = Release|ARM64
		{15B4AC4B-D515-4CAD-A93B-C377D540D537}.Release|ARM64.Deploy.0 = Release|ARM64
		{15B4AC4B-D515-4CAD-A93B-C377D540D537}.Release|x64.ActiveCfg = Release|x64
		{15B4AC4B-D515-4CAD-A93B-C377D540D537}.Release|x64.Build.0 = Release|x64
		{15B4AC4B-D515-4CAD-A93B-C377D540D537}.Release|x64.Deploy.0 = Release|x64
		{15B4AC4B-D515-4CAD-A93B-C377D540D537}.Release|x86.ActiveCfg = Release|x86
		{15B4AC4B-D515-4CAD-A93B-C377D540D537}.Release|x86.Build.0 = Release|x86
		{15B4AC4B-D515-4CAD-A93B-C377D540D537}.Release|x86.Deploy.0 = Release|x86
		{B2BE11D9-B0B2-4007-8633-ECC84EF1CE13}.Debug|Any CPU.ActiveCfg = Debug|Any CPU
		{B2BE11D9-B0B2-4007-8633-ECC84EF1CE13}.Debug|Any CPU.Build.0 = Debug|Any CPU
		{B2BE11D9-B0B2-4007-8633-ECC84EF1CE13}.Debug|ARM.ActiveCfg = Debug|ARM
		{B2BE11D9-B0B2-4007-8633-ECC84EF1CE13}.Debug|ARM.Build.0 = Debug|ARM
		{B2BE11D9-B0B2-4007-8633-ECC84EF1CE13}.Debug|ARM64.ActiveCfg = Debug|ARM64
		{B2BE11D9-B0B2-4007-8633-ECC84EF1CE13}.Debug|ARM64.Build.0 = Debug|ARM64
		{B2BE11D9-B0B2-4007-8633-ECC84EF1CE13}.Debug|x64.ActiveCfg = Debug|x64
		{B2BE11D9-B0B2-4007-8633-ECC84EF1CE13}.Debug|x64.Build.0 = Debug|x64
		{B2BE11D9-B0B2-4007-8633-ECC84EF1CE13}.Debug|x86.ActiveCfg = Debug|x86
		{B2BE11D9-B0B2-4007-8633-ECC84EF1CE13}.Debug|x86.Build.0 = Debug|x86
		{B2BE11D9-B0B2-4007-8633-ECC84EF1CE13}.Release|Any CPU.ActiveCfg = Release|Any CPU
		{B2BE11D9-B0B2-4007-8633-ECC84EF1CE13}.Release|Any CPU.Build.0 = Release|Any CPU
		{B2BE11D9-B0B2-4007-8633-ECC84EF1CE13}.Release|ARM.ActiveCfg = Release|ARM
		{B2BE11D9-B0B2-4007-8633-ECC84EF1CE13}.Release|ARM.Build.0 = Release|ARM
		{B2BE11D9-B0B2-4007-8633-ECC84EF1CE13}.Release|ARM64.ActiveCfg = Release|ARM64
		{B2BE11D9-B0B2-4007-8633-ECC84EF1CE13}.Release|ARM64.Build.0 = Release|ARM64
		{B2BE11D9-B0B2-4007-8633-ECC84EF1CE13}.Release|x64.ActiveCfg = Release|x64
		{B2BE11D9-B0B2-4007-8633-ECC84EF1CE13}.Release|x64.Build.0 = Release|x64
		{B2BE11D9-B0B2-4007-8633-ECC84EF1CE13}.Release|x86.ActiveCfg = Release|x86
		{B2BE11D9-B0B2-4007-8633-ECC84EF1CE13}.Release|x86.Build.0 = Release|x86
		{BC36A9EF-9FD2-4D70-B260-51E6B3DB2905}.Debug|Any CPU.ActiveCfg = Debug|x86
		{BC36A9EF-9FD2-4D70-B260-51E6B3DB2905}.Debug|ARM.ActiveCfg = Debug|ARM
		{BC36A9EF-9FD2-4D70-B260-51E6B3DB2905}.Debug|ARM.Build.0 = Debug|ARM
		{BC36A9EF-9FD2-4D70-B260-51E6B3DB2905}.Debug|ARM.Deploy.0 = Debug|ARM
		{BC36A9EF-9FD2-4D70-B260-51E6B3DB2905}.Debug|ARM64.ActiveCfg = Debug|ARM64
		{BC36A9EF-9FD2-4D70-B260-51E6B3DB2905}.Debug|ARM64.Build.0 = Debug|ARM64
		{BC36A9EF-9FD2-4D70-B260-51E6B3DB2905}.Debug|ARM64.Deploy.0 = Debug|ARM64
		{BC36A9EF-9FD2-4D70-B260-51E6B3DB2905}.Debug|x64.ActiveCfg = Debug|x64
		{BC36A9EF-9FD2-4D70-B260-51E6B3DB2905}.Debug|x64.Build.0 = Debug|x64
		{BC36A9EF-9FD2-4D70-B260-51E6B3DB2905}.Debug|x64.Deploy.0 = Debug|x64
		{BC36A9EF-9FD2-4D70-B260-51E6B3DB2905}.Debug|x86.ActiveCfg = Debug|x86
		{BC36A9EF-9FD2-4D70-B260-51E6B3DB2905}.Debug|x86.Build.0 = Debug|x86
		{BC36A9EF-9FD2-4D70-B260-51E6B3DB2905}.Debug|x86.Deploy.0 = Debug|x86
		{BC36A9EF-9FD2-4D70-B260-51E6B3DB2905}.Release|Any CPU.ActiveCfg = Release|x86
		{BC36A9EF-9FD2-4D70-B260-51E6B3DB2905}.Release|ARM.ActiveCfg = Release|ARM
		{BC36A9EF-9FD2-4D70-B260-51E6B3DB2905}.Release|ARM.Build.0 = Release|ARM
		{BC36A9EF-9FD2-4D70-B260-51E6B3DB2905}.Release|ARM.Deploy.0 = Release|ARM
		{BC36A9EF-9FD2-4D70-B260-51E6B3DB2905}.Release|ARM64.ActiveCfg = Release|ARM64
		{BC36A9EF-9FD2-4D70-B260-51E6B3DB2905}.Release|ARM64.Build.0 = Release|ARM64
		{BC36A9EF-9FD2-4D70-B260-51E6B3DB2905}.Release|ARM64.Deploy.0 = Release|ARM64
		{BC36A9EF-9FD2-4D70-B260-51E6B3DB2905}.Release|x64.ActiveCfg = Release|x64
		{BC36A9EF-9FD2-4D70-B260-51E6B3DB2905}.Release|x64.Build.0 = Release|x64
		{BC36A9EF-9FD2-4D70-B260-51E6B3DB2905}.Release|x64.Deploy.0 = Release|x64
		{BC36A9EF-9FD2-4D70-B260-51E6B3DB2905}.Release|x86.ActiveCfg = Release|x86
		{BC36A9EF-9FD2-4D70-B260-51E6B3DB2905}.Release|x86.Build.0 = Release|x86
		{BC36A9EF-9FD2-4D70-B260-51E6B3DB2905}.Release|x86.Deploy.0 = Release|x86
	EndGlobalSection
	GlobalSection(SolutionProperties) = preSolution
		HideSolutionNode = FALSE
	EndGlobalSection
	GlobalSection(ExtensibilityGlobals) = postSolution
		SolutionGuid = {21712209-AEC0-434F-85ED-4646C4FD2B6B}
	EndGlobalSection
EndGlobal
